{
  "name": "live-reload",
  "version": "1.1.1",
  "lockfileVersion": 2,
  "requires": true,
  "packages": {
    "": {
      "name": "live-reload",
      "version": "1.1.1",
      "dependencies": {
        "browserify-server": "~2.0.3",
        "filed": "0.0.7",
        "hound": "~1.0.4",
        "optimist": "~0.3.4",
        "reconnect": "~0.1.3",
        "shoe": "0.0.15",
        "watchr": "~2.1.5"
      },
      "bin": {
        "live-reload": "bin/reload.js"
      },
      "devDependencies": {}
    },
    "node_modules/backoff": {
      "version": "1.0.0",
      "resolved": "https://registry.npmjs.org/backoff/-/backoff-1.0.0.tgz",
      "integrity": "sha1-AJgveBWOxtA/mWk+wPtfeyrR4o4=",
      "engines": {
        "node": ">= 0.6"
      }
    },
    "node_modules/bal-util": {
      "version": "1.13.13",
      "resolved": "https://registry.npmjs.org/bal-util/-/bal-util-1.13.13.tgz",
      "integrity": "sha1-YyxJUgo2fsWqhUaI4Qgn2bUZMl8=",
      "engines": {
        "node": ">=0.6.0"
      }
    },
    "node_modules/Base64": {
      "version": "0.1.4",
      "resolved": "https://registry.npmjs.org/Base64/-/Base64-0.1.4.tgz",
      "integrity": "sha1-6fbGvvVn/WNepBYqsU3TKedKpt4="
    },
    "node_modules/base64-js": {
      "version": "0.0.2",
      "resolved": "https://registry.npmjs.org/base64-js/-/base64-js-0.0.2.tgz",
      "integrity": "sha1-Ak8Pcq+iW3X5wO5zzU9V7Bvtl4Q=",
      "engines": {
        "node": ">= 0.4"
      }
    },
    "node_modules/bops": {
      "version": "0.0.6",
      "resolved": "https://registry.npmjs.org/bops/-/bops-0.0.6.tgz",
      "integrity": "sha1-CC0dVfoB5g29wuvC26N/ZZVUzzo=",
      "dependencies": {
        "base64-js": "0.0.2",
        "to-utf8": "0.0.1"
      }
    },
    "node_modules/browserify": {
      "version": "1.16.8",
      "resolved": "https://registry.npmjs.org/browserify/-/browserify-1.16.8.tgz",
      "integrity": "sha1-0zeIztuyZh6y73ePXiDe1p1FHwE=",
      "dependencies": {
        "buffer-browserify": "~0.0.1",
        "coffee-script": "1.x.x",
        "commondir": "~0.0.1",
        "crypto-browserify": "~0",
        "deputy": "~0.0.3",
        "detective": "~0.2.0",
        "http-browserify": "~0.1.1",
        "nub": "~0.0.0",
        "optimist": "~0.3.4",
        "resolve": "~0.2.0",
        "syntax-error": "~0.0.0",
        "vm-browserify": "~0.0.0"
      },
      "bin": {
        "browserify": "bin/cmd.js"
      }
    },
    "node_modules/browserify-server": {
      "version": "2.0.4",
      "resolved": "https://registry.npmjs.org/browserify-server/-/browserify-server-2.0.4.tgz",
      "integrity": "sha1-tkpfTquQv3ZBj5SSZk20H5xPeoY=",
      "dependencies": {
        "browserify": "~1.16.1",
        "ecstatic": "~0.1.6",
        "filed": "0.0.7",
        "optimist": "~0.3.4"
      },
      "bin": {
        "browserify-server": "bin/browserify-server.js"
      }
    },
    "node_modules/buffer-browserify": {
      "version": "0.0.5",
      "resolved": "https://registry.npmjs.org/buffer-browserify/-/buffer-browserify-0.0.5.tgz",
      "integrity": "sha1-iqaGMciogpxqTufvmjrH8sMemD4=",
      "deprecated": "Package not maintained. Recent browserify uses https://github.com/feross/buffer",
      "dependencies": {
        "base64-js": "0.0.2"
      }
    },
    "node_modules/coffee-script": {
      "version": "1.12.7",
      "resolved": "https://registry.npmjs.org/coffee-script/-/coffee-script-1.12.7.tgz",
      "integrity": "sha512-fLeEhqwymYat/MpTPUjSKHVYYl0ec2mOyALEMLmzr5i1isuG+6jfI2j2d5oBO3VIzgUXgBVIcOT9uH1TFxBckw==",
      "deprecated": "CoffeeScript on NPM has moved to \"coffeescript\" (no hyphen)",
      "bin": {
        "cake": "bin/cake",
        "coffee": "bin/coffee"
      },
      "engines": {
        "node": ">=0.8.0"
      }
    },
    "node_modules/commondir": {
      "version": "0.0.2",
      "resolved": "https://registry.npmjs.org/commondir/-/commondir-0.0.2.tgz",
      "integrity": "sha1-xJyIgMb+loRLs1Jd0ucxQFDDie4="
    },
    "node_modules/concat-stream": {
      "version": "1.0.1",
      "resolved": "https://registry.npmjs.org/concat-stream/-/concat-stream-1.0.1.tgz",
      "integrity": "sha1-AYsYvBx9BzotyCqkhEI0GixN158=",
      "engines": [
        "node >= 0.8.0"
      ],
      "dependencies": {
        "bops": "0.0.6"
      }
    },
    "node_modules/crypto-browserify": {
      "version": "0.4.0",
      "resolved": "https://registry.npmjs.org/crypto-browserify/-/crypto-browserify-0.4.0.tgz",
      "integrity": "sha1-JG9qM3uITJn/6L+whaGEruYMM/M=",
      "engines": {
        "node": "*"
      }
    },
    "node_modules/deputy": {
      "version": "0.0.4",
      "resolved": "https://registry.npmjs.org/deputy/-/deputy-0.0.4.tgz",
      "integrity": "sha1-7cAKnvXFNSfEBTKFNMmXla2kHL8=",
      "dependencies": {
        "detective": "~0.2.0",
        "mkdirp": "~0.3.3"
      },
      "engines": {
        "node": ">=0.4.0"
      }
    },
    "node_modules/detective": {
      "version": "0.2.1",
      "resolved": "https://registry.npmjs.org/detective/-/detective-0.2.1.tgz",
      "integrity": "sha1-nOkmAf0iOBDClDKtA0+MYti4ZU8=",
      "dependencies": {
        "esprima": "~0.9.9"
      },
      "engines": {
        "node": ">=0.6.0"
      }
    },
    "node_modules/ecstatic": {
      "version": "0.1.7",
      "resolved": "https://registry.npmjs.org/ecstatic/-/ecstatic-0.1.7.tgz",
      "integrity": "sha1-siEFaHicAp9hDqTgA5W7r2IgEDQ=",
      "deprecated": "This package is unmaintained and deprecated. See the GH Issue 259.",
      "dependencies": {
        "ent": "0.0.x",
        "mime": "1.2.5"
      },
      "engines": {
        "node": "*"
      }
    },
    "node_modules/ent": {
      "version": "0.0.7",
      "resolved": "https://registry.npmjs.org/ent/-/ent-0.0.7.tgz",
      "integrity": "sha1-g11Of556jUkhxpLpAQ7JdtpemUk="
    },
    "node_modules/esprima": {
      "version": "0.9.9",
      "resolved": "https://registry.npmjs.org/esprima/-/esprima-0.9.9.tgz",
      "integrity": "sha1-G5CSXJddYy1ygpOcO7nDpCPDBJA=",
      "bin": {
        "esparse": "bin/esparse.js"
      },
      "engines": {
        "node": ">=0.4.0"
      }
    },
    "node_modules/faye-websocket": {
      "version": "0.4.4",
      "resolved": "https://registry.npmjs.org/faye-websocket/-/faye-websocket-0.4.4.tgz",
      "integrity": "sha1-wUxbO/FNdBf/v9mQwKdJXNnzN7w=",
      "engines": {
        "node": ">=0.4.0"
      }
    },
    "node_modules/filed": {
      "version": "0.0.7",
      "resolved": "https://registry.npmjs.org/filed/-/filed-0.0.7.tgz",
      "integrity": "sha1-MIfsUx+5p4YApuyOCxBuLFdNl3M=",
      "engines": {
        "node": "*"
      }
    },
    "node_modules/h": {
      "version": "0.1.0",
      "resolved": "https://registry.npmjs.org/h/-/h-0.1.0.tgz",
      "integrity": "sha1-JCEf4dnO8rNsro/4JVYG6hLs37U="
    },
    "node_modules/hound": {
      "version": "1.0.5",
      "resolved": "https://registry.npmjs.org/hound/-/hound-1.0.5.tgz",
      "integrity": "sha1-WbvTkiDrSlQd/04t40HW2vb4ook=",
      "engines": {
        "node": ">=0.7.1"
      }
    },
    "node_modules/http-browserify": {
      "version": "0.1.14",
      "resolved": "https://registry.npmjs.org/http-browserify/-/http-browserify-0.1.14.tgz",
      "integrity": "sha1-nIs/lAAiBFR8fL5Saa/i6mL3HH8=",
      "dependencies": {
        "Base64": "~0.1.2",
        "concat-stream": "~1.0.0"
      }
    },
    "node_modules/indexof": {
      "version": "0.0.1",
      "resolved": "https://registry.npmjs.org/indexof/-/indexof-0.0.1.tgz",
      "integrity": "sha1-gtwzbSMrkGIXnQWrMpOmYFn9Q10="
    },
    "node_modules/mime": {
      "version": "1.2.5",
      "resolved": "https://registry.npmjs.org/mime/-/mime-1.2.5.tgz",
      "integrity": "sha1-nu0HMCKov14WyFZsaGe4gyv7+hM=",
      "engines": {
        "node": "*"
      }
    },
    "node_modules/mkdirp": {
      "version": "0.3.5",
      "resolved": "https://registry.npmjs.org/mkdirp/-/mkdirp-0.3.5.tgz",
      "integrity": "sha1-3j5fiWHIjHh+4TaN+EmsRBPsqNc=",
      "deprecated": "Legacy versions of mkdirp are no longer supported. Please update to mkdirp 1.x. (Note that the API surface has changed to use Promises in 1.x.)"
    },
    "node_modules/node-uuid": {
      "version": "1.3.3",
      "resolved": "https://registry.npmjs.org/node-uuid/-/node-uuid-1.3.3.tgz",
      "integrity": "sha1-09tNe1aBDZ5AMjQnZigq8HORcps=",
      "deprecated": "Use uuid module instead",
      "engines": {
        "node": "*"
      }
    },
    "node_modules/nub": {
      "version": "0.0.0",
      "resolved": "https://registry.npmjs.org/nub/-/nub-0.0.0.tgz",
      "integrity": "sha1-s2m9Mr3eZq9ZYFw7BSC8IZ3MwE8=",
      "engines": {
        "node": "*"
      }
    },
    "node_modules/optimist": {
      "version": "0.3.7",
      "resolved": "https://registry.npmjs.org/optimist/-/optimist-0.3.7.tgz",
      "integrity": "sha1-yQlBrVnkJzMokjB00s8ufLxuwNk=",
      "dependencies": {
        "wordwrap": "~0.0.2"
      }
    },
    "node_modules/reconnect": {
      "version": "0.1.5",
      "resolved": "https://registry.npmjs.org/reconnect/-/reconnect-0.1.5.tgz",
      "integrity": "sha1-3/6iUtYb6/swLsFwzvc9LS52WPI=",
      "dependencies": {
        "backoff": "~1.0.0",
        "h": "~0.1.0",
        "shoe": "~0.0.7"
      }
    },
    "node_modules/resolve": {
      "version": "0.2.8",
      "resolved": "https://registry.npmjs.org/resolve/-/resolve-0.2.8.tgz",
      "integrity": "sha1-/bF9SrsOyvb4DWesA88pAIj2wNA=",
      "engines": {
        "node": ">=0.4.0"
      }
    },
    "node_modules/shoe": {
      "version": "0.0.15",
      "resolved": "https://registry.npmjs.org/shoe/-/shoe-0.0.15.tgz",
      "integrity": "sha1-uu2PGn8I9TC2bwkUKH/KplsSRDo=",
      "bundleDependencies": [
        "sockjs-client"
      ],
      "dependencies": {
        "sockjs": "0.3.7"
      }
    },
    "node_modules/shoe/node_modules/sockjs-client": {
      "version": "0.0.0-unreleasable",
      "extraneous": true,
      "inBundle": true
    },
    "node_modules/sockjs": {
      "version": "0.3.7",
      "resolved": "https://registry.npmjs.org/sockjs/-/sockjs-0.3.7.tgz",
      "integrity": "sha1-KVDgWG2KnTBElYqDGt5o2xl3Scs=",
      "dependencies": {
        "faye-websocket": "0.4.4",
        "node-uuid": "1.3.3"
      }
    },
    "node_modules/syntax-error": {
      "version": "0.0.1",
      "resolved": "https://registry.npmjs.org/syntax-error/-/syntax-error-0.0.1.tgz",
      "integrity": "sha1-AZ0HU0jNjFt58GA8c+U4kafFI10=",
      "dependencies": {
        "esprima": "~0.9.9"
      }
    },
    "node_modules/to-utf8": {
      "version": "0.0.1",
      "resolved": "https://registry.npmjs.org/to-utf8/-/to-utf8-0.0.1.tgz",
      "integrity": "sha1-0Xrqcv8vujm55DYBvns/9y4ImFI="
    },
    "node_modules/vm-browserify": {
      "version": "0.0.4",
      "resolved": "https://registry.npmjs.org/vm-browserify/-/vm-browserify-0.0.4.tgz",
      "integrity": "sha1-XX6kW7755Kb/ZflUOOCofDV9WnM=",
      "dependencies": {
        "indexof": "0.0.1"
      }
    },
    "node_modules/watchr": {
      "version": "2.1.6",
      "resolved": "https://registry.npmjs.org/watchr/-/watchr-2.1.6.tgz",
      "integrity": "sha1-bciVv2yVq29eBtgRlIsyCphBOJE=",
      "dependencies": {
        "bal-util": "1.13.x"
      },
      "bin": {
        "watchr": "bin/watchr"
      },
      "engines": {
        "node": ">=0.4.0"
      }
    },
    "node_modules/wordwrap": {
      "version": "0.0.3",
      "resolved": "https://registry.npmjs.org/wordwrap/-/wordwrap-0.0.3.tgz",
      "integrity": "sha1-o9XabNXAvAAI03I0u68b7WMFkQc=",
      "engines": {
        "node": ">=0.4.0"
      }
    }
  },
  "dependencies": {
    "backoff": {
      "version": "1.0.0",
      "resolved": "https://registry.npmjs.org/backoff/-/backoff-1.0.0.tgz",
      "integrity": "sha1-AJgveBWOxtA/mWk+wPtfeyrR4o4="
    },
    "bal-util": {
      "version": "1.13.13",
      "resolved": "https://registry.npmjs.org/bal-util/-/bal-util-1.13.13.tgz",
      "integrity": "sha1-YyxJUgo2fsWqhUaI4Qgn2bUZMl8="
    },
    "Base64": {
      "version": "0.1.4",
      "resolved": "https://registry.npmjs.org/Base64/-/Base64-0.1.4.tgz",
      "integrity": "sha1-6fbGvvVn/WNepBYqsU3TKedKpt4="
    },
    "base64-js": {
      "version": "0.0.2",
      "resolved": "https://registry.npmjs.org/base64-js/-/base64-js-0.0.2.tgz",
      "integrity": "sha1-Ak8Pcq+iW3X5wO5zzU9V7Bvtl4Q="
    },
    "bops": {
      "version": "0.0.6",
      "resolved": "https://registry.npmjs.org/bops/-/bops-0.0.6.tgz",
      "integrity": "sha1-CC0dVfoB5g29wuvC26N/ZZVUzzo=",
      "requires": {
        "base64-js": "0.0.2",
        "to-utf8": "0.0.1"
      }
    },
    "browserify": {
      "version": "1.16.8",
      "resolved": "https://registry.npmjs.org/browserify/-/browserify-1.16.8.tgz",
      "integrity": "sha1-0zeIztuyZh6y73ePXiDe1p1FHwE=",
      "requires": {
        "buffer-browserify": "~0.0.1",
        "coffee-script": "1.x.x",
        "commondir": "~0.0.1",
        "crypto-browserify": "~0",
        "deputy": "~0.0.3",
        "detective": "~0.2.0",
        "http-browserify": "~0.1.1",
        "nub": "~0.0.0",
        "optimist": "~0.3.4",
        "resolve": "~0.2.0",
        "syntax-error": "~0.0.0",
        "vm-browserify": "~0.0.0"
      }
    },
    "browserify-server": {
      "version": "2.0.4",
      "resolved": "https://registry.npmjs.org/browserify-server/-/browserify-server-2.0.4.tgz",
      "integrity": "sha1-tkpfTquQv3ZBj5SSZk20H5xPeoY=",
      "requires": {
        "browserify": "~1.16.1",
        "ecstatic": "~0.1.6",
        "filed": "0.0.7",
        "optimist": "~0.3.4"
      }
    },
    "buffer-browserify": {
      "version": "0.0.5",
      "resolved": "https://registry.npmjs.org/buffer-browserify/-/buffer-browserify-0.0.5.tgz",
      "integrity": "sha1-iqaGMciogpxqTufvmjrH8sMemD4=",
      "requires": {
        "base64-js": "0.0.2"
      }
    },
    "coffee-script": {
      "version": "1.12.7",
      "resolved": "https://registry.npmjs.org/coffee-script/-/coffee-script-1.12.7.tgz",
      "integrity": "sha512-fLeEhqwymYat/MpTPUjSKHVYYl0ec2mOyALEMLmzr5i1isuG+6jfI2j2d5oBO3VIzgUXgBVIcOT9uH1TFxBckw=="
    },
    "commondir": {
      "version": "0.0.2",
      "resolved": "https://registry.npmjs.org/commondir/-/commondir-0.0.2.tgz",
      "integrity": "sha1-xJyIgMb+loRLs1Jd0ucxQFDDie4="
    },
    "concat-stream": {
      "version": "1.0.1",
      "resolved": "https://registry.npmjs.org/concat-stream/-/concat-stream-1.0.1.tgz",
      "integrity": "sha1-AYsYvBx9BzotyCqkhEI0GixN158=",
      "requires": {
        "bops": "0.0.6"
      }
    },
    "crypto-browserify": {
      "version": "0.4.0",
      "resolved": "https://registry.npmjs.org/crypto-browserify/-/crypto-browserify-0.4.0.tgz",
      "integrity": "sha1-JG9qM3uITJn/6L+whaGEruYMM/M="
    },
    "deputy": {
      "version": "0.0.4",
      "resolved": "https://registry.npmjs.org/deputy/-/deputy-0.0.4.tgz",
      "integrity": "sha1-7cAKnvXFNSfEBTKFNMmXla2kHL8=",
      "requires": {
        "detective": "~0.2.0",
        "mkdirp": "~0.3.3"
      }
    },
    "detective": {
      "version": "0.2.1",
      "resolved": "https://registry.npmjs.org/detective/-/detective-0.2.1.tgz",
      "integrity": "sha1-nOkmAf0iOBDClDKtA0+MYti4ZU8=",
      "requires": {
        "esprima": "~0.9.9"
      }
    },
    "ecstatic": {
      "version": "0.1.7",
      "resolved": "https://registry.npmjs.org/ecstatic/-/ecstatic-0.1.7.tgz",
      "integrity": "sha1-siEFaHicAp9hDqTgA5W7r2IgEDQ=",
      "requires": {
        "ent": "0.0.x",
        "mime": "1.2.5"
      }
    },
    "ent": {
      "version": "0.0.7",
      "resolved": "https://registry.npmjs.org/ent/-/ent-0.0.7.tgz",
      "integrity": "sha1-g11Of556jUkhxpLpAQ7JdtpemUk="
    },
    "esprima": {
      "version": "0.9.9",
      "resolved": "https://registry.npmjs.org/esprima/-/esprima-0.9.9.tgz",
      "integrity": "sha1-G5CSXJddYy1ygpOcO7nDpCPDBJA="
    },
    "faye-websocket": {
      "version": "0.4.4",
      "resolved": "https://registry.npmjs.org/faye-websocket/-/faye-websocket-0.4.4.tgz",
      "integrity": "sha1-wUxbO/FNdBf/v9mQwKdJXNnzN7w="
    },
    "filed": {
      "version": "0.0.7",
      "resolved": "https://registry.npmjs.org/filed/-/filed-0.0.7.tgz",
      "integrity": "sha1-MIfsUx+5p4YApuyOCxBuLFdNl3M="
    },
    "h": {
      "version": "0.1.0",
      "resolved": "https://registry.npmjs.org/h/-/h-0.1.0.tgz",
      "integrity": "sha1-JCEf4dnO8rNsro/4JVYG6hLs37U="
    },
    "hound": {
      "version": "1.0.5",
      "resolved": "https://registry.npmjs.org/hound/-/hound-1.0.5.tgz",
      "integrity": "sha1-WbvTkiDrSlQd/04t40HW2vb4ook="
    },
    "http-browserify": {
      "version": "0.1.14",
      "resolved": "https://registry.npmjs.org/http-browserify/-/http-browserify-0.1.14.tgz",
      "integrity": "sha1-nIs/lAAiBFR8fL5Saa/i6mL3HH8=",
      "requires": {
        "Base64": "~0.1.2",
        "concat-stream": "~1.0.0"
      }
    },
    "indexof": {
      "version": "0.0.1",
      "resolved": "https://registry.npmjs.org/indexof/-/indexof-0.0.1.tgz",
      "integrity": "sha1-gtwzbSMrkGIXnQWrMpOmYFn9Q10="
    },
    "mime": {
      "version": "1.2.5",
      "resolved": "https://registry.npmjs.org/mime/-/mime-1.2.5.tgz",
      "integrity": "sha1-nu0HMCKov14WyFZsaGe4gyv7+hM="
    },
    "mkdirp": {
      "version": "0.3.5",
      "resolved": "https://registry.npmjs.org/mkdirp/-/mkdirp-0.3.5.tgz",
      "integrity": "sha1-3j5fiWHIjHh+4TaN+EmsRBPsqNc="
    },
    "node-uuid": {
      "version": "1.3.3",
      "resolved": "https://registry.npmjs.org/node-uuid/-/node-uuid-1.3.3.tgz",
      "integrity": "sha1-09tNe1aBDZ5AMjQnZigq8HORcps="
    },
    "nub": {
      "version": "0.0.0",
      "resolved": "https://registry.npmjs.org/nub/-/nub-0.0.0.tgz",
      "integrity": "sha1-s2m9Mr3eZq9ZYFw7BSC8IZ3MwE8="
    },
    "optimist": {
      "version": "0.3.7",
      "resolved": "https://registry.npmjs.org/optimist/-/optimist-0.3.7.tgz",
      "integrity": "sha1-yQlBrVnkJzMokjB00s8ufLxuwNk=",
      "requires": {
        "wordwrap": "~0.0.2"
      }
    },
    "reconnect": {
      "version": "0.1.5",
      "resolved": "https://registry.npmjs.org/reconnect/-/reconnect-0.1.5.tgz",
      "integrity": "sha1-3/6iUtYb6/swLsFwzvc9LS52WPI=",
      "requires": {
        "backoff": "~1.0.0",
        "h": "~0.1.0",
        "shoe": "~0.0.7"
      }
    },
    "resolve": {
      "version": "0.2.8",
      "resolved": "https://registry.npmjs.org/resolve/-/resolve-0.2.8.tgz",
      "integrity": "sha1-/bF9SrsOyvb4DWesA88pAIj2wNA="
    },
    "shoe": {
      "version": "0.0.15",
      "resolved": "https://registry.npmjs.org/shoe/-/shoe-0.0.15.tgz",
      "integrity": "sha1-uu2PGn8I9TC2bwkUKH/KplsSRDo=",
      "requires": {
        "sockjs": "0.3.7"
      },
      "dependencies": {
        "sockjs-client": {
          "version": "0.0.0-unreleasable",
          "bundled": true,
          "extraneous": true
        }
      }
    },
    "sockjs": {
      "version": "0.3.7",
      "resolved": "https://registry.npmjs.org/sockjs/-/sockjs-0.3.7.tgz",
      "integrity": "sha1-KVDgWG2KnTBElYqDGt5o2xl3Scs=",
      "requires": {
        "faye-websocket": "0.4.4",
        "node-uuid": "1.3.3"
      }
    },
    "syntax-error": {
      "version": "0.0.1",
      "resolved": "https://registry.npmjs.org/syntax-error/-/syntax-error-0.0.1.tgz",
      "integrity": "sha1-AZ0HU0jNjFt58GA8c+U4kafFI10=",
      "requires": {
        "esprima": "~0.9.9"
      }
    },
    "to-utf8": {
      "version": "0.0.1",
      "resolved": "https://registry.npmjs.org/to-utf8/-/to-utf8-0.0.1.tgz",
      "integrity": "sha1-0Xrqcv8vujm55DYBvns/9y4ImFI="
    },
    "vm-browserify": {
      "version": "0.0.4",
      "resolved": "https://registry.npmjs.org/vm-browserify/-/vm-browserify-0.0.4.tgz",
      "integrity": "sha1-XX6kW7755Kb/ZflUOOCofDV9WnM=",
      "requires": {
        "indexof": "0.0.1"
      }
    },
    "watchr": {
      "version": "2.1.6",
      "resolved": "https://registry.npmjs.org/watchr/-/watchr-2.1.6.tgz",
      "integrity": "sha1-bciVv2yVq29eBtgRlIsyCphBOJE=",
      "requires": {
        "bal-util": "1.13.x"
      }
    },
    "wordwrap": {
      "version": "0.0.3",
      "resolved": "https://registry.npmjs.org/wordwrap/-/wordwrap-0.0.3.tgz",
      "integrity": "sha1-o9XabNXAvAAI03I0u68b7WMFkQc="
    }
  }
}
